// !$*UTF8*$!
{
	archiveVersion = 1;
	classes = {
	};
	objectVersion = 77;
	objects = {

/* Begin PBXBuildFile section */
		1821E55E306BE8350061DA87 /* FirebaseAuth in Frameworks */ = {isa = PBXBuildFile; productRef = 1821E55D306BE8350061DA87 /* FirebaseAuth */; };
		1821E560306BE8350061DA87 /* FirebaseCore in Frameworks */ = {isa = PBXBuildFile; productRef = 1821E55F306BE8350061DA87 /* FirebaseCore */; };
		18A50B8C306C91D300485778 /* Secrets.xcconfig in Resources */ = {isa = PBXBuildFile; fileRef = 18A50B8B306C91D300485778 /* Secrets.xcconfig */; };
/* End PBXBuildFile section */

/* Begin PBXContainerItemProxy section */
		1821E50F306BE0640061DA87 /* PBXContainerItemProxy */ = {
			isa = PBXContainerItemProxy;
			containerPortal = 1821E4F7306BE05F0061DA87 /* Project object */;
			proxyType = 1;
			remoteGlobalIDString = 1821E4FE306BE05F0061DA87;
			remoteInfo = HealthcareSocialApp;
		};
		1821E519306BE0640061DA87 /* PBXContainerItemProxy */ = {
			isa = PBXContainerItemProxy;
			containerPortal = 1821E4F7306BE05F0061DA87 /* Project object */;
			proxyType = 1;
			remoteGlobalIDString = 1821E4FE306BE05F0061DA87;
			remoteInfo = HealthcareSocialApp;
		};
/* End PBXContainerItemProxy section */

/* Begin PBXFileReference section */
		1821E4FF306BE05F0061DA87 /* HealthcareSocialApp.app */ = {isa = PBXFileReference; explicitFileType = wrapper.application; includeInIndex = 0; path = HealthcareSocialApp.app; sourceTree = BUILT_PRODUCTS_DIR; };
		1821E50E306BE0640061DA87 /* HealthcareSocialAppTests.xctest */ = {isa = PBXFileReference; explicitFileType = wrapper.cfbundle; includeInIndex = 0; path = HealthcareSocialAppTests.xctest; sourceTree = BUILT_PRODUCTS_DIR; };
		1821E518306BE0640061DA87 /* HealthcareSocialAppUITests.xctest */ = {isa = PBXFileReference; explicitFileType = wrapper.cfbundle; includeInIndex = 0; path = HealthcareSocialAppUITests.xctest; sourceTree = BUILT_PRODUCTS_DIR; };
		18A50B8B306C91D300485778 /* Secrets.xcconfig */ = {isa = PBXFileReference; lastKnownFileType = text.xcconfig; path = Secrets.xcconfig; sourceTree = "<group>"; };
/* End PBXFileReference section */

/* Begin PBXFileSystemSynchronizedBuildFileExceptionSet section */
		18A50B8E306C93C200485778 /* Exceptions for "HealthcareSocialApp" folder in "HealthcareSocialApp" target */ = {
			isa = PBXFileSystemSynchronizedBuildFileExceptionSet;
			membershipExceptions = (
				Info.plist,
			);
			target = 1821E4FE306BE05F0061DA87 /* HealthcareSocialApp */;
		};
/* End PBXFileSystemSynchronizedBuildFileExceptionSet section */

/* Begin PBXFileSystemSynchronizedRootGroup section */
		1821E501306BE05F0061DA87 /* HealthcareSocialApp */ = {
			isa = PBXFileSystemSynchronizedRootGroup;
			exceptions = (
				18A50B8E306C93C200485778 /* Exceptions for "HealthcareSocialApp" folder in "HealthcareSocialApp" target */,
			);
			path = HealthcareSocialApp;
			sourceTree = "<group>";
		};
		1821E511306BE0640061DA87 /* HealthcareSocialAppTests */ = {
			isa = PBXFileSystemSynchronizedRootGroup;
			path = HealthcareSocialAppTests;
			sourceTree = "<group>";
		};
		1821E51B306BE0640061DA87 /* HealthcareSocialAppUITests */ = {
			isa = PBXFileSystemSynchronizedRootGroup;
			path = HealthcareSocialAppUITests;
			sourceTree = "<group>";
		};
/* End PBXFileSystemSynchronizedRootGroup section */

/* Begin PBXFrameworksBuildPhase section */
		1821E4FC306BE05F0061DA87 /* Frameworks */ = {
			isa = PBXFrameworksBuildPhase;
			buildActionMask = 2147483647;
			files = (
				1821E560306BE8350061DA87 /* FirebaseCore in Frameworks */,
				1821E55E306BE8350061DA87 /* FirebaseAuth in Frameworks */,
			);
			runOnlyForDeploymentPostprocessing = 0;
		};
		1821E50B306BE0640061DA87 /* Frameworks */ = {
			isa = PBXFrameworksBuildPhase;
			buildActionMask = 2147483647;
			files = (
			);
			runOnlyForDeploymentPostprocessing = 0;
		};
		1821E515306BE0640061DA87 /* Frameworks */ = {
			isa = PBXFrameworksBuildPhase;
			buildActionMask = 2147483647;
			files = (
			);
			runOnlyForDeploymentPostprocessing = 0;
		};
/* End PBXFrameworksBuildPhase section */

/* Begin PBXGroup section */
		1821E4F6306BE05F0061DA87 = {
			isa = PBXGroup;
			children = (
				1821E501306BE05F0061DA87 /* HealthcareSocialApp */,
				1821E511306BE0640061DA87 /* HealthcareSocialAppTests */,
				1821E51B306BE0640061DA87 /* HealthcareSocialAppUITests */,
				1821E500306BE05F0061DA87 /* Products */,
				18A50B8B306C91D300485778 /* Secrets.xcconfig */,
			);
			sourceTree = "<group>";
		};
		1821E500306BE05F0061DA87 /* Products */ = {
			isa = PBXGroup;
			children = (
				1821E4FF306BE05F0061DA87 /* HealthcareSocialApp.app */,
				1821E50E306BE0640061DA87 /* HealthcareSocialAppTests.xctest */,
				1821E518306BE0640061DA87 /* HealthcareSocialAppUITests.xctest */,
			);
			name = Products;
			sourceTree = "<group>";
		};
/* End PBXGroup section */

/* Begin PBXNativeTarget section */
		1821E4FE306BE05F0061DA87 /* HealthcareSocialApp */ = {
			isa = PBXNativeTarget;
			buildConfigurationList = 1821E522306BE0640061DA87 /* Build configuration list for PBXNativeTarget "HealthcareSocialApp" */;
			buildPhases = (
				1821E4FB306BE05F0061DA87 /* Sources */,
				1821E4FC306BE05F0061DA87 /* Frameworks */,
				1821E4FD306BE05F0061DA87 /* Resources */,
			);
			buildRules = (
			);
			dependencies = (
			);
			fileSystemSynchronizedGroups = (
				1821E501306BE05F0061DA87 /* HealthcareSocialApp */,
			);
			name = HealthcareSocialApp;
			packageProductDependencies = (
				1821E55D306BE8350061DA87 /* FirebaseAuth */,
				1821E55F306BE8350061DA87 /* FirebaseCore */,
			);
			productName = HealthcareSocialApp;
			productReference = 1821E4FF306BE05F0061DA87 /* HealthcareSocialApp.app */;
			productType = "com.apple.product-type.application";
		};
		1821E50D306BE0640061DA87 /* HealthcareSocialAppTests */ = {
			isa = PBXNativeTarget;
			buildConfigurationList = 1821E525306BE0640061DA87 /* Build configuration list for PBXNativeTarget "HealthcareSocialAppTests" */;
			buildPhases = (
				1821E50A306BE0640061DA87 /* Sources */,
				1821E50B306BE0640061DA87 /* Frameworks */,
				1821E50C306BE0640061DA87 /* Resources */,
			);
			buildRules = (
			);
			dependencies = (
				1821E510306BE0640061DA87 /* PBXTargetDependency */,
			);
			fileSystemSynchronizedGroups = (
				1821E511306BE0640061DA87 /* HealthcareSocialAppTests */,
			);
			name = HealthcareSocialAppTests;
			packageProductDependencies = (
			);
			productName = HealthcareSocialAppTests;
			productReference = 1821E50E306BE0640061DA87 /* HealthcareSocialAppTests.xctest */;
			productType = "com.apple.product-type.bundle.unit-test";
		};
		1821E517306BE0640061DA87 /* HealthcareSocialAppUITests */ = {
			isa = PBXNativeTarget;
			buildConfigurationList = 1821E528306BE0640061DA87 /* Build configuration list for PBXNativeTarget "HealthcareSocialAppUITests" */;
			buildPhases = (
				1821E514306BE0640061DA87 /* Sources */,
				1821E515306BE0640061DA87 /* Frameworks */,
				1821E516306BE0640061DA87 /* Resources */,
			);
			buildRules = (
			);
			dependencies = (
				1821E51A306BE0640061DA87 /* PBXTargetDependency */,
			);
			fileSystemSynchronizedGroups = (
				1821E51B306BE0640061DA87 /* HealthcareSocialAppUITests */,
			);
			name = HealthcareSocialAppUITests;
			packageProductDependencies = (
			);
			productName = HealthcareSocialAppUITests;
			productReference = 1821E518306BE0640061DA87 /* HealthcareSocialAppUITests.xctest */;
			productType = "com.apple.product-type.bundle.ui-testing";
		};
/* End PBXNativeTarget section */

/* Begin PBXProject section */
		1821E4F7306BE05F0061DA87 /* Project object */ = {
			isa = PBXProject;
			attributes = {
				BuildIndependentTargetsInParallel = 1;
				LastSwiftUpdateCheck = 2610;
				LastUpgradeCheck = 2610;
				TargetAttributes = {
					1821E4FE306BE05F0061DA87 = {
						CreatedOnToolsVersion = 26.1.1;
					};
					1821E50D306BE0640061DA87 = {
						CreatedOnToolsVersion = 26.1.1;
						TestTargetID = 1821E4FE306BE05F0061DA87;
					};
					1821E517306BE0640061DA87 = {
						CreatedOnToolsVersion = 26.1.1;
						TestTargetID = 1821E4FE306BE05F0061DA87;
					};
				};
			};
			buildConfigurationList = 1821E4FA306BE05F0061DA87 /* Build configuration list for PBXProject "HealthcareSocialApp" */;
			developmentRegion = en;
			hasScannedForEncodings = 0;
			knownRegions = (
				en,
				Base,
			);
			mainGroup = 1821E4F6306BE05F0061DA87;
			minimizedProjectReferenceProxies = 1;
			packageReferences = (
				1821E55C306BE8350061DA87 /* XCRemoteSwiftPackageReference "firebase-ios-sdk" */,
			);
			preferredProjectObjectVersion = 77;
			productRefGroup = 1821E500306BE05F0061DA87 /* Products */;
			projectDirPath = "";
			projectRoot = "";
			targets = (
				1821E4FE306BE05F0061DA87 /* HealthcareSocialApp */,
				1821E50D306BE0640061DA87 /* HealthcareSocialAppTests */,
				1821E517306BE0640061DA87 /* HealthcareSocialAppUITests */,
			);
		};
/* End PBXProject section */

/* Begin PBXResourcesBuildPhase section */
		1821E4FD306BE05F0061DA87 /* Resources */ = {
			isa = PBXResourcesBuildPhase;
			buildActionMask = 2147483647;
			files = (
				18A50B8C306C91D300485778 /* Secrets.xcconfig in Resources */,
			);
			runOnlyForDeploymentPostprocessing = 0;
		};
		1821E50C306BE0640061DA87 /* Resources */ = {
			isa = PBXResourcesBuildPhase;
			buildActionMask = 2147483647;
			files = (
			);
			runOnlyForDeploymentPostprocessing = 0;
		};
		1821E516306BE0640061DA87 /* Resources */ = {
			isa = PBXResourcesBuildPhase;
			buildActionMask = 2147483647;
			files = (
			);
			runOnlyForDeploymentPostprocessing = 0;
		};
/* End PBXResourcesBuildPhase section */

/* Begin PBXSourcesBuildPhase section */
		1821E4FB306BE05F0061DA87 /* Sources */ = {
			isa = PBXSourcesBuildPhase;
			buildActionMask = 2147483647;
			files = (
			);
			runOnlyForDeploymentPostprocessing = 0;
		};
		1821E50A306BE0640061DA87 /* Sources */ = {
			isa = PBXSourcesBuildPhase;
			buildActionMask = 2147483647;
			files = (
			);
			runOnlyForDeploymentPostprocessing = 0;
		};
		1821E514306BE0640061DA87 /* Sources */ = {
			isa = PBXSourcesBuildPhase;
			buildActionMask = 2147483647;
			files = (
			);
			runOnlyForDeploymentPostprocessing = 0;
		};
/* End PBXSourcesBuildPhase section */

/* Begin PBXTargetDependency section */
		1821E510306BE0640061DA87 /* PBXTargetDependency */ = {
			isa = PBXTargetDependency;
			target = 1821E4FE306BE05F0061DA87 /* HealthcareSocialApp */;
			targetProxy = 1821E50F306BE0640061DA87 /* PBXContainerItemProxy */;
		};
		1821E51A306BE0640061DA87 /* PBXTargetDependency */ = {
			isa = PBXTargetDependency;
			target = 1821E4FE306BE05F0061DA87 /* HealthcareSocialApp */;
			targetProxy = 1821E519306BE0640061DA87 /* PBXContainerItemProxy */;
		};
/* End PBXTargetDependency section */

/* Begin XCBuildConfiguration section */
		1821E520306BE0640061DA87 /* Debug */ = {
			isa = XCBuildConfiguration;
			baseConfigurationReference = 18A50B8B306C91D300485778 /* Secrets.xcconfig */;
			buildSettings = {
				ALWAYS_SEARCH_USER_PATHS = NO;
				ASSETCATALOG_COMPILER_GENERATE_SWIFT_ASSET_SYMBOL_EXTENSIONS = YES;
				CLANG_ANALYZER_NONNULL = YES;
				CLANG_ANALYZER_NUMBER_OBJECT_CONVERSION = YES_AGGRESSIVE;
				CLANG_CXX_LANGUAGE_STANDARD = "gnu++20";
				CLANG_ENABLE_MODULES = YES;
				CLANG_ENABLE_OBJC_ARC = YES;
				CLANG_ENABLE_OBJC_WEAK = YES;
				CLANG_WARN_BLOCK_CAPTURE_AUTORELEASING = YES;
				CLANG_WARN_BOOL_CONVERSION = YES;
				CLANG_WARN_COMMA = YES;
				CLANG_WARN_CONSTANT_CONVERSION = YES;
				CLANG_WARN_DEPRECATED_OBJC_IMPLEMENTATIONS = YES;
				CLANG_WARN_DIRECT_OBJC_ISA_USAGE = YES_ERROR;
				CLANG_WARN_DOCUMENTATION_COMMENTS = YES;
				CLANG_WARN_EMPTY_BODY = YES;
				CLANG_WARN_ENUM_CONVERSION = YES;
				CLANG_WARN_INFINITE_RECURSION = YES;
				CLANG_WARN_INT_CONVERSION = YES;
				CLANG_WARN_NON_LITERAL_NULL_CONVERSION = YES;
				CLANG_WARN_OBJC_IMPLICIT_RETAIN_SELF = YES;
				CLANG_WARN_OBJC_LITERAL_CONVERSION = YES;
				CLANG_WARN_OBJC_ROOT_CLASS = YES_ERROR;
				CLANG_WARN_QUOTED_INCLUDE_IN_FRAMEWORK_HEADER = YES;
				CLANG_WARN_RANGE_LOOP_ANALYSIS = YES;
				CLANG_WARN_STRICT_PROTOTYPES = YES;
				CLANG_WARN_SUSPICIOUS_MOVE = YES;
				CLANG_WARN_UNGUARDED_AVAILABILITY = YES_AGGRESSIVE;
				CLANG_WARN_UNREACHABLE_CODE = YES;
				CLANG_WARN__DUPLICATE_METHOD_MATCH = YES;
				COPY_PHASE_STRIP = NO;
				DEBUG_INFORMATION_FORMAT = dwarf;
				ENABLE_STRICT_OBJC_MSGSEND = YES;
				ENABLE_TESTABILITY = YES;
				ENABLE_USER_SCRIPT_SANDBOXING = YES;
				GCC_C_LANGUAGE_STANDARD = gnu17;
				GCC_DYNAMIC_NO_PIC = NO;
				GCC_NO_COMMON_BLOCKS = YES;
				GCC_OPTIMIZATION_LEVEL = 0;
				GCC_PREPROCESSOR_DEFINITIONS = (
					"DEBUG=1",
					"$(inherited)",
				);
				GCC_WARN_64_TO_32_BIT_CONVERSION = YES;
				GCC_WARN_ABOUT_RETURN_TYPE = YES_ERROR;
				GCC_WARN_UNDECLARED_SELECTOR = YES;
				GCC_WARN_UNINITIALIZED_AUTOS = YES_AGGRESSIVE;
				GCC_WARN_UNUSED_FUNCTION = YES;
				GCC_WARN_UNUSED_VARIABLE = YES;
				IPHONEOS_DEPLOYMENT_TARGET = 26.1;
				LOCALIZATION_PREFERS_STRING_CATALOGS = YES;
				MTL_ENABLE_DEBUG_INFO = INCLUDE_SOURCE;
				MTL_FAST_MATH = YES;
				ONLY_ACTIVE_ARCH = YES;
				SDKROOT = iphoneos;
				SWIFT_ACTIVE_COMPILATION_CONDITIONS = "DEBUG $(inherited)";
				SWIFT_OPTIMIZATION_LEVEL = "-Onone";
			};
			name = Debug;
		};
		1821E521306BE0640061DA87 /* Release */ = {
			isa = XCBuildConfiguration;
			baseConfigurationReference = 18A50B8B306C91D300485778 /* Secrets.xcconfig */;
			buildSettings = {
				ALWAYS_SEARCH_USER_PATHS = NO;
				ASSETCATALOG_COMPILER_GENERATE_SWIFT_ASSET_SYMBOL_EXTENSIONS = YES;
				CLANG_ANALYZER_NONNULL = YES;
				CLANG_ANALYZER_NUMBER_OBJECT_CONVERSION = YES_AGGRESSIVE;
				CLANG_CXX_LANGUAGE_STANDARD = "gnu++20";
				CLANG_ENABLE_MODULES = YES;
				CLANG_ENABLE_OBJC_ARC = YES;
				CLANG_ENABLE_OBJC_WEAK = YES;
				CLANG_WARN_BLOCK_CAPTURE_AUTORELEASING = YES;
				CLANG_WARN_BOOL_CONVERSION = YES;
				CLANG_WARN_COMMA = YES;
				CLANG_WARN_CONSTANT_CONVERSION = YES;
				CLANG_WARN_DEPRECATED_OBJC_IMPLEMENTATIONS = YES;
				CLANG_WARN_DIRECT_OBJC_ISA_USAGE = YES_ERROR;
				CLANG_WARN_DOCUMENTATION_COMMENTS = YES;
				CLANG_WARN_EMPTY_BODY = YES;
				CLANG_WARN_ENUM_CONVERSION = YES;
				CLANG_WARN_INFINITE_RECURSION = YES;
				CLANG_WARN_INT_CONVERSION = YES;
				CLANG_WARN_NON_LITERAL_NULL_CONVERSION = YES;
				CLANG_WARN_OBJC_IMPLICIT_RETAIN_SELF = YES;
				CLANG_WARN_OBJC_LITERAL_CONVERSION = YES;
				CLANG_WARN_OBJC_ROOT_CLASS = YES_ERROR;
				CLANG_WARN_QUOTED_INCLUDE_IN_FRAMEWORK_HEADER = YES;
				CLANG_WARN_RANGE_LOOP_ANALYSIS = YES;
				CLANG_WARN_STRICT_PROTOTYPES = YES;
				CLANG_WARN_SUSPICIOUS_MOVE = YES;
				CLANG_WARN_UNGUARDED_AVAILABILITY = YES_AGGRESSIVE;
				CLANG_WARN_UNREACHABLE_CODE = YES;
				CLANG_WARN__DUPLICATE_METHOD_MATCH = YES;
				COPY_PHASE_STRIP = NO;
				DEBUG_INFORMATION_FORMAT = "dwarf-with-dsym";
				ENABLE_NS_ASSERTIONS = NO;
				ENABLE_STRICT_OBJC_MSGSEND = YES;
				ENABLE_USER_SCRIPT_SANDBOXING = YES;
				GCC_C_LANGUAGE_STANDARD = gnu17;
				GCC_NO_COMMON_BLOCKS = YES;
				GCC_WARN_64_TO_32_BIT_CONVERSION = YES;
				GCC_WARN_ABOUT_RETURN_TYPE = YES_ERROR;
				GCC_WARN_UNDECLARED_SELECTOR = YES;
				GCC_WARN_UNINITIALIZED_AUTOS = YES_AGGRESSIVE;
				GCC_WARN_UNUSED_FUNCTION = YES;
				GCC_WARN_UNUSED_VARIABLE = YES;
				IPHONEOS_DEPLOYMENT_TARGET = 26.1;
				LOCALIZATION_PREFERS_STRING_CATALOGS = YES;
				MTL_ENABLE_DEBUG_INFO = NO;
				MTL_FAST_MATH = YES;
				SDKROOT = iphoneos;
				SWIFT_COMPILATION_MODE = wholemodule;
				VALIDATE_PRODUCT = YES;
			};
			name = Release;
		};
		1821E523306BE0640061DA87 /* Debug */ = {
			isa = XCBuildConfiguration;
			baseConfigurationReference = 18A50B8B306C91D300485778 /* Secrets.xcconfig */;
			buildSettings = {
				ASSETCATALOG_COMPILER_APPICON_NAME = AppIcon;
				ASSETCATALOG_COMPILER_GLOBAL_ACCENT_COLOR_NAME = AccentColor;
				CODE_SIGN_STYLE = Automatic;
				CURRENT_PROJECT_VERSION = 1;
				ENABLE_PREVIEWS = YES;
				GENERATE_INFOPLIST_FILE = YES;
				INFOPLIST_FILE = HealthcareSocialApp/Info.plist;
				INFOPLIST_KEY_UIApplicationSceneManifest_Generation = YES;
				INFOPLIST_KEY_UIApplicationSupportsIndirectInputEvents = YES;
				INFOPLIST_KEY_UILaunchScreen_Generation = YES;
				INFOPLIST_KEY_UISupportedInterfaceOrientations_iPad = "UIInterfaceOrientationPortrait UIInterfaceOrientationPortraitUpsideDown UIInterfaceOrientationLandscapeLeft UIInterfaceOrientationLandscapeRight";
				INFOPLIST_KEY_UISupportedInterfaceOrientations_iPhone = "UIInterfaceOrientationPortrait UIInterfaceOrientationLandscapeLeft UIInterfaceOrientationLandscapeRight";
				LD_RUNPATH_SEARCH_PATHS = (
					"$(inherited)",
					"@executable_path/Frameworks",
				);
				MARKETING_VERSION = 1.0;
				PRODUCT_BUNDLE_IDENTIFIER = Apple.HealthcareSocialApp;
				PRODUCT_NAME = "$(TARGET_NAME)";
				STRING_CATALOG_GENERATE_SYMBOLS = YES;
				SWIFT_APPROACHABLE_CONCURRENCY = YES;
				SWIFT_DEFAULT_ACTOR_ISOLATION = MainActor;
				SWIFT_EMIT_LOC_STRINGS = YES;
				SWIFT_UPCOMING_FEATURE_MEMBER_IMPORT_VISIBILITY = YES;
				SWIFT_VERSION = 5.0;
				TARGETED_DEVICE_FAMILY = "1,2";
			};
			name = Debug;
		};
		1821E524306BE0640061DA87 /* Release */ = {
			isa = XCBuildConfiguration;
			baseConfigurationReference = 18A50B8B306C91D300485778 /* Secrets.xcconfig */;
			buildSettings = {
				ASSETCATALOG_COMPILER_APPICON_NAME = AppIcon;
				ASSETCATALOG_COMPILER_GLOBAL_ACCENT_COLOR_NAME = AccentColor;
				CODE_SIGN_STYLE = Automatic;
				CURRENT_PROJECT_VERSION = 1;
				ENABLE_PREVIEWS = YES;
				GENERATE_INFOPLIST_FILE = YES;
				INFOPLIST_FILE = HealthcareSocialApp/Info.plist;
				INFOPLIST_KEY_UIApplicationSceneManifest_Generation = YES;
				INFOPLIST_KEY_UIApplicationSupportsIndirectInputEvents = YES;
				INFOPLIST_KEY_UILaunchScreen_Generation = YES;
				INFOPLIST_KEY_UISupportedInterfaceOrientations_iPad = "UIInterfaceOrientationPortrait UIInterfaceOrientationPortraitUpsideDown UIInterfaceOrientationLandscapeLeft UIInterfaceOrientationLandscapeRight";
				INFOPLIST_KEY_UISupportedInterfaceOrientations_iPhone = "UIInterfaceOrientationPortrait UIInterfaceOrientationLandscapeLeft UIInterfaceOrientationLandscapeRight";
				LD_RUNPATH_SEARCH_PATHS = (
					"$(inherited)",
					"@executable_path/Frameworks",
				);
				MARKETING_VERSION = 1.0;
				PRODUCT_BUNDLE_IDENTIFIER = Apple.HealthcareSocialApp;
				PRODUCT_NAME = "$(TARGET_NAME)";
				STRING_CATALOG_GENERATE_SYMBOLS = YES;
				SWIFT_APPROACHABLE_CONCURRENCY = YES;
				SWIFT_DEFAULT_ACTOR_ISOLATION = MainActor;
				SWIFT_EMIT_LOC_STRINGS = YES;
				SWIFT_UPCOMING_FEATURE_MEMBER_IMPORT_VISIBILITY = YES;
				SWIFT_VERSION = 5.0;
				TARGETED_DEVICE_FAMILY = "1,2";
			};
			name = Release;
		};
		1821E526306BE0640061DA87 /* Debug */ = {
			isa = XCBuildConfiguration;
			buildSettings = {
				BUNDLE_LOADER = "$(TEST_HOST)";
				CODE_SIGN_STYLE = Automatic;
				CURRENT_PROJECT_VERSION = 1;
				GENERATE_INFOPLIST_FILE = YES;
				IPHONEOS_DEPLOYMENT_TARGET = 26.1;
				MARKETING_VERSION = 1.0;
				PRODUCT_BUNDLE_IDENTIFIER = Apple.HealthcareSocialAppTests;
				PRODUCT_NAME = "$(TARGET_NAME)";
				STRING_CATALOG_GENERATE_SYMBOLS = NO;
				SWIFT_APPROACHABLE_CONCURRENCY = YES;
				SWIFT_EMIT_LOC_STRINGS = NO;
				SWIFT_UPCOMING_FEATURE_MEMBER_IMPORT_VISIBILITY = YES;
				SWIFT_VERSION = 5.0;
				TARGETED_DEVICE_FAMILY = "1,2";
				TEST_HOST = "$(BUILT_PRODUCTS_DIR)/HealthcareSocialApp.app/$(BUNDLE_EXECUTABLE_FOLDER_PATH)/HealthcareSocialApp";
			};
			name = Debug;
		};
		1821E527306BE0640061DA87 /* Release */ = {
			isa = XCBuildConfiguration;
			buildSettings = {
				BUNDLE_LOADER = "$(TEST_HOST)";
				CODE_SIGN_STYLE = Automatic;
				CURRENT_PROJECT_VERSION = 1;
				GENERATE_INFOPLIST_FILE = YES;
				IPHONEOS_DEPLOYMENT_TARGET = 26.1;
				MARKETING_VERSION = 1.0;
				PRODUCT_BUNDLE_IDENTIFIER = Apple.HealthcareSocialAppTests;
				PRODUCT_NAME = "$(TARGET_NAME)";
				STRING_CATALOG_GENERATE_SYMBOLS = NO;
				SWIFT_APPROACHABLE_CONCURRENCY = YES;
				SWIFT_EMIT_LOC_STRINGS = NO;
				SWIFT_UPCOMING_FEATURE_MEMBER_IMPORT_VISIBILITY = YES;
				SWIFT_VERSION = 5.0;
				TARGETED_DEVICE_FAMILY = "1,2";
				TEST_HOST = "$(BUILT_PRODUCTS_DIR)/HealthcareSocialApp.app/$(BUNDLE_EXECUTABLE_FOLDER_PATH)/HealthcareSocialApp";
			};
			name = Release;
		};
		1821E529306BE0640061DA87 /* Debug */ = {
			isa = XCBuildConfiguration;
			buildSettings = {
				CODE_SIGN_STYLE = Automatic;
				CURRENT_PROJECT_VERSION = 1;
				GENERATE_INFOPLIST_FILE = YES;
				MARKETING_VERSION = 1.0;
				PRODUCT_BUNDLE_IDENTIFIER = Apple.HealthcareSocialAppUITests;
				PRODUCT_NAME = "$(TARGET_NAME)";
				STRING_CATALOG_GENERATE_SYMBOLS = NO;
				SWIFT_APPROACHABLE_CONCURRENCY = YES;
				SWIFT_EMIT_LOC_STRINGS = NO;
				SWIFT_UPCOMING_FEATURE_MEMBER_IMPORT_VISIBILITY = YES;
				SWIFT_VERSION = 5.0;
				TARGETED_DEVICE_FAMILY = "1,2";
				TEST_TARGET_NAME = HealthcareSocialApp;
			};
			name = Debug;
		};
		1821E52A306BE0640061DA87 /* Release */ = {
			isa = XCBuildConfiguration;
			buildSettings = {
				CODE_SIGN_STYLE = Automatic;
				CURRENT_PROJECT_VERSION = 1;
				GENERATE_INFOPLIST_FILE = YES;
				MARKETING_VERSION = 1.0;
				PRODUCT_BUNDLE_IDENTIFIER = Apple.HealthcareSocialAppUITests;
				PRODUCT_NAME = "$(TARGET_NAME)";
				STRING_CATALOG_GENERATE_SYMBOLS = NO;
				SWIFT_APPROACHABLE_CONCURRENCY = YES;
				SWIFT_EMIT_LOC_STRINGS = NO;
				SWIFT_UPCOMING_FEATURE_MEMBER_IMPORT_VISIBILITY = YES;
				SWIFT_VERSION = 5.0;
				TARGETED_DEVICE_FAMILY = "1,2";
				TEST_TARGET_NAME = HealthcareSocialApp;
			};
			name = Release;
		};
/* End XCBuildConfiguration section */

/* Begin XCConfigurationList section */
		1821E4FA306BE05F0061DA87 /* Build configuration list for PBXProject "HealthcareSocialApp" */ = {
			isa = XCConfigurationList;
			buildConfigurations = (
				1821E520306BE0640061DA87 /* Debug */,
				1821E521306BE0640061DA87 /* Release */,
			);
			defaultConfigurationIsVisible = 0;
			defaultConfigurationName = Release;
		};
		1821E522306BE0640061DA87 /* Build configuration list for PBXNativeTarget "HealthcareSocialApp" */ = {
			isa = XCConfigurationList;
			buildConfigurations = (
				1821E523306BE0640061DA87 /* Debug */,
				1821E524306BE0640061DA87 /* Release */,
			);
			defaultConfigurationIsVisible = 0;
			defaultConfigurationName = Release;
		};
		1821E525306BE0640061DA87 /* Build configuration list for PBXNativeTarget "HealthcareSocialAppTests" */ = {
			isa = XCConfigurationList;
			buildConfigurations = (
				1821E526306BE0640061DA87 /* Debug */,
				1821E527306BE0640061DA87 /* Release */,
			);
			defaultConfigurationIsVisible = 0;
			defaultConfigurationName = Release;
		};
		1821E528306BE0640061DA87 /* Build configuration list for PBXNativeTarget "HealthcareSocialAppUITests" */ = {
			isa = XCConfigurationList;
			buildConfigurations = (
				1821E529306BE0640061DA87 /* Debug */,
				1821E52A306BE0640061DA87 /* Release */,
			);
			defaultConfigurationIsVisible = 0;
			defaultConfigurationName = Release;
		};
/* End XCConfigurationList section */

/* Begin XCRemoteSwiftPackageReference section */
		1821E55C306BE8350061DA87 /* XCRemoteSwiftPackageReference "firebase-ios-sdk" */ = {
			isa = XCRemoteSwiftPackageReference;
			repositoryURL = "https://github.com/firebase/firebase-ios-sdk";
			requirement = {
				kind = upToNextMinorVersion;
				minimumVersion = 12.19.2;
			};
		};
/* End XCRemoteSwiftPackageReference section */

/* Begin XCSwiftPackageProductDependency section */
		1821E55D306BE8350061DA87 /* FirebaseAuth */ = {
			isa = XCSwiftPackageProductDependency;
			package = 1821E55C306BE8350061DA87 /* XCRemoteSwiftPackageReference "firebase-ios-sdk" */;
			productName = FirebaseAuth;
		};
		1821E55F306BE8350061DA87 /* FirebaseCore */ = {
			isa = XCSwiftPackageProductDependency;
			package = 1821E55C306BE8350061DA87 /* XCRemoteSwiftPackageReference "firebase-ios-sdk" */;
			productName = FirebaseCore;
		};
/* End XCSwiftPackageProductDependency section */
	};
	rootObject = 1821E4F7306BE05F0061DA87 /* Project object */;
}
